// !$*UTF8*$!
{
	archiveVersion = 1;
	classes = {
	};
	objectVersion = 46;
	objects = {

/* Begin PBXBuildFile section */
		07D59B311A2839C9007E3304 /* AppDelegate.m in Sources */ = {isa = PBXBuildFile; fileRef = 07D59B301A2839C9007E3304 /* AppDelegate.m */; };
		07D59B331A2839C9007E3304 /* main.m in Sources */ = {isa = PBXBuildFile; fileRef = 07D59B321A2839C9007E3304 /* main.m */; };
		07D59B351A2839C9007E3304 /* Images.xcassets in Resources */ = {isa = PBXBuildFile; fileRef = 07D59B341A2839C9007E3304 /* Images.xcassets */; };
		07D59B381A2839C9007E3304 /* MainMenu.xib in Resources */ = {isa = PBXBuildFile; fileRef = 07D59B361A2839C9007E3304 /* MainMenu.xib */; };
		07D59B4F1A2839F1007E3304 /* GWShortcutRecorder.m in Sources */ = {isa = PBXBuildFile; fileRef = 07D59B4E1A2839F1007E3304 /* GWShortcutRecorder.m */; };
/* End PBXBuildFile section */

/* Begin PBXFileReference section */
		07D59B2A1A2839C9007E3304 /* GWShortcutRecorder.app */ = {isa = PBXFileReference; explicitFileType = wrapper.application; includeInIndex = 0; path = GWShortcutRecorder.app; sourceTree = BUILT_PRODUCTS_DIR; };
		07D59B2E1A2839C9007E3304 /* Info.plist */ = {isa = PBXFileReference; lastKnownFileType = text.plist.xml; path = Info.plist; sourceTree = "<group>"; };
		07D59B2F1A2839C9007E3304 /* AppDelegate.h */ = {isa = PBXFileReference; lastKnownFileType = sourcecode.c.h; path = AppDelegate.h; sourceTree = "<group>"; };
		07D59B301A2839C9007E3304 /* AppDelegate.m */ = {isa = PBXFileReference; lastKnownFileType = sourcecode.c.objc; path = AppDelegate.m; sourceTree = "<group>"; };
		07D59B321A2839C9007E3304 /* main.m */ = {isa = PBXFileReference; lastKnownFileType = sourcecode.c.objc; path = main.m; sourceTree = "<group>"; };
		07D59B341A2839C9007E3304 /* Images.xcassets */ = {isa = PBXFileReference; lastKnownFileType = folder.assetcatalog; path = Images.xcassets; sourceTree = "<group>"; };
		07D59B371A2839C9007E3304 /* Base */ = {isa = PBXFileReference; lastKnownFileType = file.xib; name = Base; path = Base.lproj/MainMenu.xib; sourceTree = "<group>"; };
		07D59B4D1A2839F1007E3304 /* GWShortcutRecorder.h */ = {isa = PBXFileReference; fileEncoding = 4; lastKnownFileType = sourcecode.c.h; path = GWShortcutRecorder.h; sourceTree = "<group>"; };
		07D59B4E1A2839F1007E3304 /* GWShortcutRecorder.m */ = {isa = PBXFileReference; fileEncoding = 4; lastKnownFileType = sourcecode.c.objc; path = GWShortcutRecorder.m; sourceTree = "<group>"; };
/* End PBXFileReference section */

/* Begin PBXFrameworksBuildPhase section */
		07D59B271A2839C9007E3304 /* Frameworks */ = {
			isa = PBXFrameworksBuildPhase;
			buildActionMask = 2147483647;
			files = (
			);
			runOnlyForDeploymentPostprocessing = 0;
		};
/* End PBXFrameworksBuildPhase section */

/* Begin PBXGroup section */
		07D59B211A2839C9007E3304 = {
			isa = PBXGroup;
			children = (
				07D59B2C1A2839C9007E3304 /* GWShortcutRecorder */,
				07D59B2B1A2839C9007E3304 /* Products */,
			);
			sourceTree = "<group>";
		};
		07D59B2B1A2839C9007E3304 /* Products */ = {
			isa = PBXGroup;
			children = (
				07D59B2A1A2839C9007E3304 /* GWShortcutRecorder.app */,
			);
			name = Products;
			sourceTree = "<group>";
		};
		07D59B2C1A2839C9007E3304 /* GWShortcutRecorder */ = {
			isa = PBXGroup;
			children = (
				07D59B4D1A2839F1007E3304 /* GWShortcutRecorder.h */,
				07D59B4E1A2839F1007E3304 /* GWShortcutRecorder.m */,
				07D59B2F1A2839C9007E3304 /* AppDelegate.h */,
				07D59B301A2839C9007E3304 /* AppDelegate.m */,
				07D59B341A2839C9007E3304 /* Images.xcassets */,
				07D59B361A2839C9007E3304 /* MainMenu.xib */,
				07D59B2D1A2839C9007E3304 /* Supporting Files */,
			);
			path = GWShortcutRecorder;
			sourceTree = "<group>";
		};
		07D59B2D1A2839C9007E3304 /* Supporting Files */ = {
			isa = PBXGroup;
			children = (
				07D59B2E1A2839C9007E3304 /* Info.plist */,
				07D59B321A2839C9007E3304 /* main.m */,
			);
			name = "Supporting Files";
			sourceTree = "<group>";
		};
/* End PBXGroup section */

/* Begin PBXNativeTarget section */
		07D59B291A2839C9007E3304 /* GWShortcutRecorder */ = {
			isa = PBXNativeTarget;
			buildConfigurationList = 07D59B471A2839C9007E3304 /* Build configuration list for PBXNativeTarget "GWShortcutRecorder" */;
			buildPhases = (
				07D59B261A2839C9007E3304 /* Sources */,
				07D59B271A2839C9007E3304 /* Frameworks */,
				07D59B281A2839C9007E3304 /* Resources */,
			);
			buildRules = (
			);
			dependencies = (
			);
			name = GWShortcutRecorder;
			productName = GWShortcutRecorder;
			productReference = 07D59B2A1A2839C9007E3304 /* GWShortcutRecorder.app */;
			productType = "com.apple.product-type.application";
		};
/* End PBXNativeTarget section */

/* Begin PBXProject section */
		07D59B221A2839C9007E3304 /* Project object */ = {
			isa = PBXProject;
			attributes = {
				LastUpgradeCheck = 0610;
				ORGANIZATIONNAME = gngrwzrd;
				TargetAttributes = {
					07D59B291A2839C9007E3304 = {
						CreatedOnToolsVersion = 6.1;
					};
				};
			};
			buildConfigurationList = 07D59B251A2839C9007E3304 /* Build configuration list for PBXProject "GWShortcutRecorder" */;
			compatibilityVersion = "Xcode 3.2";
			developmentRegion = English;
			hasScannedForEncodings = 0;
			knownRegions = (
				en,
				Base,
			);
			mainGroup = 07D59B211A2839C9007E3304;
			productRefGroup = 07D59B2B1A2839C9007E3304 /* Products */;
			projectDirPath = "";
			projectRoot = "";
			targets = (
				07D59B291A2839C9007E3304 /* GWShortcutRecorder */,
			);
		};
/* End PBXProject section */

/* Begin PBXResourcesBuildPhase section */
		07D59B281A2839C9007E3304 /* Resources */ = {
			isa = PBXResourcesBuildPhase;
			buildActionMask = 2147483647;
			files = (
				07D59B351A2839C9007E3304 /* Images.xcassets in Resources */,
				07D59B381A2839C9007E3304 /* MainMenu.xib in Resources */,
			);
			runOnlyForDeploymentPostprocessing = 0;
		};
/* End PBXResourcesBuildPhase section */

/* Begin PBXSourcesBuildPhase section */
		07D59B261A2839C9007E3304 /* Sources */ = {
			isa = PBXSourcesBuildPhase;
			buildActionMask = 2147483647;
			files = (
				07D59B331A2839C9007E3304 /* main.m in Sources */,
				07D59B4F1A2839F1007E3304 /* GWShortcutRecorder.m in Sources */,
				07D59B311A2839C9007E3304 /* AppDelegate.m in Sources */,
			);
			runOnlyForDeploymentPostprocessing = 0;
		};
/* End PBXSourcesBuildPhase section */

/* Begin PBXVariantGroup section */
		07D59B361A2839C9007E3304 /* MainMenu.xib */ = {
			isa = PBXVariantGroup;
			children = (
				07D59B371A2839C9007E3304 /* Base */,
			);
			name = MainMenu.xib;
			sourceTree = "<group>";
		};
/* End PBXVariantGroup section */

/* Begin XCBuildConfiguration section */
		07D59B451A2839C9007E3304 /* Debug */ = {
			isa = XCBuildConfiguration;
			buildSettings = {
				ALWAYS_SEARCH_USER_PATHS = NO;
				CLANG_CXX_LANGUAGE_STANDARD = "gnu++0x";
				CLANG_CXX_LIBRARY = "libc++";
				CLANG_ENABLE_MODULES = YES;
				CLANG_ENABLE_OBJC_ARC = YES;
				CLANG_WARN_BOOL_CONVERSION = YES;
				CLANG_WARN_CONSTANT_CONVERSION = YES;
				CLANG_WARN_DIRECT_OBJC_ISA_USAGE = YES_ERROR;
				CLANG_WARN_EMPTY_BODY = YES;
				CLANG_WARN_ENUM_CONVERSION = YES;
				CLANG_WARN_INT_CONVERSION = YES;
				CLANG_WARN_OBJC_ROOT_CLASS = YES_ERROR;
				CLANG_WARN_UNREACHABLE_CODE = YES;
				CLANG_WARN__DUPLICATE_METHOD_MATCH = YES;
				CODE_SIGN_IDENTITY = "-";
				COPY_PHASE_STRIP = NO;
				ENABLE_STRICT_OBJC_MSGSEND = YES;
				GCC_C_LANGUAGE_STANDARD = gnu99;
				GCC_DYNAMIC_NO_PIC = NO;
				GCC_OPTIMIZATION_LEVEL = 0;
				GCC_PREPROCESSOR_DEFINITIONS = (
					"DEBUG=1",
					"$(inherited)",
				);
				GCC_SYMBOLS_PRIVATE_EXTERN = NO;
				GCC_WARN_64_TO_32_BIT_CONVERSION = YES;
				GCC_WARN_ABOUT_RETURN_TYPE = YES_ERROR;
				GCC_WARN_UNDECLARED_SELECTOR = YES;
				GCC_WARN_UNINITIALIZED_AUTOS = YES_AGGRESSIVE;
				GCC_WARN_UNUSED_FUNCTION = YES;
				GCC_WARN_UNUSED_VARIABLE = YES;
				MACOSX_DEPLOYMENT_TARGET = 10.10;
				MTL_ENABLE_DEBUG_INFO = YES;
				ONLY_ACTIVE_ARCH = YES;
				SDKROOT = macosx;
			};
			name = Debug;
		};
		07D59B461A2839C9007E3304 /* Release */ = {
			isa = XCBuildConfiguration;
			buildSettings = {
				ALWAYS_SEARCH_USER_PATHS = NO;
				CLANG_CXX_LANGUAGE_STANDARD = "gnu++0x";
				CLANG_CXX_LIBRARY = "libc++";
				CLANG_ENABLE_MODULES = YES;
				CLANG_ENABLE_OBJC_ARC = YES;
				CLANG_WARN_BOOL_CONVERSION = YES;
				CLANG_WARN_CONSTANT_CONVERSION = YES;
				CLANG_WARN_DIRECT_OBJC_ISA_USAGE = YES_ERROR;
				CLANG_WARN_EMPTY_BODY = YES;
				CLANG_WARN_ENUM_CONVERSION = YES;
				CLANG_WARN_INT_CONVERSION = YES;
				CLANG_WARN_OBJC_ROOT_CLASS = YES_ERROR;
				CLANG_WARN_UNREACHABLE_CODE = YES;
				CLANG_WARN__DUPLICATE_METHOD_MATCH = YES;
				CODE_SIGN_IDENTITY = "-";
				COPY_PHASE_STRIP = YES;
				DEBUG_INFORMATION_FORMAT = "dwarf-with-dsym";
				ENABLE_NS_ASSERTIONS = NO;
				ENABLE_STRICT_OBJC_MSGSEND = YES;
				GCC_C_LANGUAGE_STANDARD = gnu99;
				GCC_WARN_64_TO_32_BIT_CONVERSION = YES;
				GCC_WARN_ABOUT_RETURN_TYPE = YES_ERROR;
				GCC_WARN_UNDECLARED_SELECTOR = YES;
				GCC_WARN_UNINITIALIZED_AUTOS = YES_AGGRESSIVE;
				GCC_WARN_UNUSED_FUNCTION = YES;
				GCC_WARN_UNUSED_VARIABLE = YES;
				MACOSX_DEPLOYMENT_TARGET = 10.10;
				MTL_ENABLE_DEBUG_INFO = NO;
				SDKROOT = macosx;
			};
			name = Release;
		};
		07D59B481A2839C9007E3304 /* Debug */ = {
			isa = XCBuildConfiguration;
			buildSettings = {
				ASSETCATALOG_COMPILER_APPICON_NAME = AppIcon;
				COMBINE_HIDPI_IMAGES = YES;
				INFOPLIST_FILE = GWShortcutRecorder/Info.plist;
				LD_RUNPATH_SEARCH_PATHS = "$(inherited) @executable_path/../Frameworks";
				PRODUCT_NAME = "$(TARGET_NAME)";
			};
			name = Debug;
		};
		07D59B491A2839C9007E3304 /* Release */ = {
			isa = XCBuildConfiguration;
			buildSettings = {
				ASSETCATALOG_COMPILER_APPICON_NAME = AppIcon;
				COMBINE_HIDPI_IMAGES = YES;
				INFOPLIST_FILE = GWShortcutRecorder/Info.plist;
				LD_RUNPATH_SEARCH_PATHS = "$(inherited) @executable_path/../Frameworks";
				PRODUCT_NAME = "$(TARGET_NAME)";
			};
			name = Release;
		};
/* End XCBuildConfiguration section */

/* Begin XCConfigurationList section */
		07D59B251A2839C9007E3304 /* Build configuration list for PBXProject "GWShortcutRecorder" */ = {
			isa = XCConfigurationList;
			buildConfigurations = (
				07D59B451A2839C9007E3304 /* Debug */,
				07D59B461A2839C9007E3304 /* Release */,
			);
			defaultConfigurationIsVisible = 0;
			defaultConfigurationName = Release;
		};
		07D59B471A2839C9007E3304 /* Build configuration list for PBXNativeTarget "GWShortcutRecorder" */ = {
			isa = XCConfigurationList;
			buildConfigurations = (
				07D59B481A2839C9007E3304 /* Debug */,
				07D59B491A2839C9007E3304 /* Release */,
			);
			defaultConfigurationIsVisible = 0;
		};
/* End XCConfigurationList section */
	};
	rootObject = 07D59B221A2839C9007E3304 /* Project object */;
}
